
Microsoft Visual Studio Solution File, Format Version 12.00
# Visual Studio Version 17
VisualStudioVersion = 17.9.34607.119
MinimumVisualStudioVersion = 10.0.40219.1
Project("{FAE04EC0-301F-11D3-BF4B-00C04F79EFBC}") = "PruebaTec02NDMM", "PruebaTec02NDMM.csproj", "{82C64A0B-BF00-4BE9-9553-E11B07BC7372}"
EndProject
Global
	GlobalSection(SolutionConfigurationPlatforms) = preSolution
		Debug|Any CPU = Debug|Any CPU
		Release|Any CPU = Release|Any CPU
	EndGlobalSection
	GlobalSection(ProjectConfigurationPlatforms) = postSolution
		{82C64A0B-BF00-4BE9-9553-E11B07BC7372}.Debug|Any CPU.ActiveCfg = Debug|Any CPU
		{82C64A0B-BF00-4BE9-9553-E11B07BC7372}.Debug|Any CPU.Build.0 = Debug|Any CPU
		{82C64A0B-BF00-4BE9-9553-E11B07BC7372}.Release|Any CPU.ActiveCfg = Release|Any CPU
		{82C64A0B-BF00-4BE9-9553-E11B07BC7372}.Release|Any CPU.Build.0 = Release|Any CPU
	EndGlobalSection
	GlobalSection(SolutionProperties) = preSolution
		HideSolutionNode = FALSE
	EndGlobalSection
	GlobalSection(ExtensibilityGlobals) = postSolution
		SolutionGuid = {D8CB8223-75AF-481E-BB5E-AA2AA64AB930}
	EndGlobalSection
EndGlobal
